
Microsoft Visual Studio Solution File, Format Version 12.00
# Visual Studio Version 17
VisualStudioVersion = 17.5.33516.290
MinimumVisualStudioVersion = 10.0.40219.1
Project("{FAE04EC0-301F-11D3-BF4B-00C04F79EFBC}") = "Demo", "Demo\Demo.csproj", "{D82C4D41-5080-4895-A4D9-69E45068F526}"
EndProject
Global
	GlobalSection(SolutionConfigurationPlatforms) = preSolution
		Debug|Any CPU = Debug|Any CPU
		Release|Any CPU = Release|Any CPU
	EndGlobalSection
	GlobalSection(ProjectConfigurationPlatforms) = postSolution
		{D82C4D41-5080-4895-A4D9-69E45068F526}.Debug|Any CPU.ActiveCfg = Debug|Any CPU
		{D82C4D41-5080-4895-A4D9-69E45068F526}.Debug|Any CPU.Build.0 = Debug|Any CPU
		{D82C4D41-5080-4895-A4D9-69E45068F526}.Release|Any CPU.ActiveCfg = Release|Any CPU
		{D82C4D41-5080-4895-A4D9-69E45068F526}.Release|Any CPU.Build.0 = Release|Any CPU
	EndGlobalSection
	GlobalSection(SolutionProperties) = preSolution
		HideSolutionNode = FALSE
	EndGlobalSection
	GlobalSection(ExtensibilityGlobals) = postSolution
		SolutionGuid = {DBB11C30-C75C-45C6-8BA4-6DA29C1D6273}
	EndGlobalSection
EndGlobal
